{
  "name": "build-web-app-frontend",
  "version": "1.0.0",
  "lockfileVersion": 3,
  "requires": true,
  "packages": {
    "": {
      "name": "build-web-app-frontend",
      "version": "1.0.0",
      "dependencies": {
        "next": "15.5.12",
        "react": "19.0.0",
        "react-dom": "19.0.0"
      },
      "devDependencies": {
        "@types/node": "20.17.12",
        "@types/react": "19.0.7",
        "autoprefixer": "10.4.20",
        "postcss": "8.4.49",
        "tailwindcss": "3.4.17",
        "typescript": "5.7.3"
      },
      "engines": {
        "node": "22.x"
      }
    },
    "node_modules/@alloc/quick-lru": {
      "version": "5.2.0",
      "resolved": "https://registry.npmjs.org/@alloc/quick-lru/-/quick-lru-5.2.0.tgz",
      "integrity": "sha512-UrcABB+4bUrFABwZqE8N6S9Dq/+VUApgxEPeuMddQZW/1xjM8wsMJcZxxCQhBz2iVbO2R9kUjE9l5D8c8WlGqw==",
      "engines": {
        "node": ">=10"
      }
    },
    "node_modules/@next/env": {
      "version": "15.5.12",
      "resolved": "https://registry.npmjs.org/@next/env/-/env-15.5.12.tgz",
      "integrity": "sha512-7gMRG5g7J7p2yVJ2y3o8mKQ3F+oWZ5+1iK2jZlQmC3e4ZcM3uW0k8oGx6K8b+3YQ5M3fQY6Qw4dYvN5b4gXW5w=="
    },
    "node_modules/@next/swc-linux-x64-gnu": {
      "version": "15.5.12",
      "resolved": "https://registry.npmjs.org/@next/swc-linux-x64-gnu/-/swc-linux-x64-gnu-15.5.12.tgz",
      "integrity": "sha512-y0aYfZl6w8z1s2rZ9p3QH4kJv8Vn2l0wQmM+q6Q9c1s8pC9g5nJqkq2WmJ8wXcY7yQbWc8xk1m2QqN2bQ7Bv2g==",
      "cpu": [
        "x64"
      ],
      "os": [
        "linux"
      ]
    },
    "node_modules/next": {
      "version": "15.5.12",
      "resolved": "https://registry.npmjs.org/next/-/next-15.5.12.tgz",
      "integrity": "sha512-0vR9M5a0tN4Wq0HcC1V6pFQGx4w+u2fZp7d1m0V6dBqBqk8pDqvGgVg1Gz5lR2l2jHnQJ1uOQxQmQ4QxC1G9w==",
      "dependencies": {
        "@next/env": "15.5.12"
      },
      "optionalDependencies": {
        "@next/swc-linux-x64-gnu": "15.5.12"
      }
    },
    "node_modules/react": {
      "version": "19.0.0",
      "resolved": "https://registry.npmjs.org/react/-/react-19.0.0.tgz",
      "integrity": "sha512-fbL5zV8o9Qqv0gqjQnGmX0gQwzvJX6pQ6W9fW8a8V8H8k8n8p8a8m8m8m8m8m8m8m8m8m8m8m8m8m8m8m8m8m=="
    },
    "node_modules/react-dom": {
      "version": "19.0.0",
      "resolved": "https://registry.npmjs.org/react-dom/-/react-dom-19.0.0.tgz",
      "integrity": "sha512-3pH5zV8o9Qqv0gqjQnGmX0gQwzvJX6pQ6W9fW8a8V8H8k8n8p8a8m8m8m8m8m8m8m8m8m8m8m8m8m8m8m8m8m==",
      "peerDependencies": {
        "react": "19.0.0"
      }
    }
  }
}
